
Microsoft Visual Studio Solution File, Format Version 12.00
# Visual Studio 15
VisualStudioVersion = 15.0.26430.12
MinimumVisualStudioVersion = 10.0.40219.1
Project("{FAE04EC0-301F-11D3-BF4B-00C04F79EFBC}") = "AutoUpdater.NET", "AutoUpdater.NET\AutoUpdater.NET.csproj", "{FB9E7E6B-B19F-4F37-A708-2996190CEF13}"
	ProjectSection(ProjectDependencies) = postProject
		{91DE558C-6DB8-429B-A069-C0491DCFF15B} = {91DE558C-6DB8-429B-A069-C0491DCFF15B}
	EndProjectSection
EndProject
Project("{FAE04EC0-301F-11D3-BF4B-00C04F79EFBC}") = "ZipExtractor", "ZipExtractor\ZipExtractor.csproj", "{91DE558C-6DB8-429B-A069-C0491DCFF15B}"
EndProject
Project("{FAE04EC0-301F-11D3-BF4B-00C04F79EFBC}") = "MyWPFApplication", "MyWPFApplication\MyWPFApplication.csproj", "{9AEE4F21-5ED5-4C7E-9249-8A680123B5E3}"
EndProject
Project("{FAE04EC0-301F-11D3-BF4B-00C04F79EFBC}") = "WpfApplication", "WpfApplication\WpfApplication.csproj", "{3DE55C96-C8E6-4A05-B6C3-B6503AFFA11C}"
EndProject
Global
	GlobalSection(SolutionConfigurationPlatforms) = preSolution
		Debug|Any CPU = Debug|Any CPU
		Debug|x64 = Debug|x64
		Release|Any CPU = Release|Any CPU
		Release|x64 = Release|x64
	EndGlobalSection
	GlobalSection(ProjectConfigurationPlatforms) = postSolution
		{FB9E7E6B-B19F-4F37-A708-2996190CEF13}.Debug|Any CPU.ActiveCfg = Debug|Any CPU
		{FB9E7E6B-B19F-4F37-A708-2996190CEF13}.Debug|Any CPU.Build.0 = Debug|Any CPU
		{FB9E7E6B-B19F-4F37-A708-2996190CEF13}.Debug|x64.ActiveCfg = Debug|x64
		{FB9E7E6B-B19F-4F37-A708-2996190CEF13}.Debug|x64.Build.0 = Debug|x64
		{FB9E7E6B-B19F-4F37-A708-2996190CEF13}.Release|Any CPU.ActiveCfg = Release|Any CPU
		{FB9E7E6B-B19F-4F37-A708-2996190CEF13}.Release|Any CPU.Build.0 = Release|Any CPU
		{FB9E7E6B-B19F-4F37-A708-2996190CEF13}.Release|x64.ActiveCfg = Release|x64
		{FB9E7E6B-B19F-4F37-A708-2996190CEF13}.Release|x64.Build.0 = Release|x64
		{91DE558C-6DB8-429B-A069-C0491DCFF15B}.Debug|Any CPU.ActiveCfg = Debug|Any CPU
		{91DE558C-6DB8-429B-A069-C0491DCFF15B}.Debug|Any CPU.Build.0 = Debug|Any CPU
		{91DE558C-6DB8-429B-A069-C0491DCFF15B}.Debug|x64.ActiveCfg = Debug|x64
		{91DE558C-6DB8-429B-A069-C0491DCFF15B}.Debug|x64.Build.0 = Debug|x64
		{91DE558C-6DB8-429B-A069-C0491DCFF15B}.Release|Any CPU.ActiveCfg = Release|Any CPU
		{91DE558C-6DB8-429B-A069-C0491DCFF15B}.Release|Any CPU.Build.0 = Release|Any CPU
		{91DE558C-6DB8-429B-A069-C0491DCFF15B}.Release|x64.ActiveCfg = Release|x64
		{91DE558C-6DB8-429B-A069-C0491DCFF15B}.Release|x64.Build.0 = Release|x64
		{9AEE4F21-5ED5-4C7E-9249-8A680123B5E3}.Debug|Any CPU.ActiveCfg = Debug|Any CPU
		{9AEE4F21-5ED5-4C7E-9249-8A680123B5E3}.Debug|Any CPU.Build.0 = Debug|Any CPU
		{9AEE4F21-5ED5-4C7E-9249-8A680123B5E3}.Debug|x64.ActiveCfg = Debug|x64
		{9AEE4F21-5ED5-4C7E-9249-8A680123B5E3}.Debug|x64.Build.0 = Debug|x64
		{9AEE4F21-5ED5-4C7E-9249-8A680123B5E3}.Release|Any CPU.ActiveCfg = Release|Any CPU
		{9AEE4F21-5ED5-4C7E-9249-8A680123B5E3}.Release|Any CPU.Build.0 = Release|Any CPU
		{9AEE4F21-5ED5-4C7E-9249-8A680123B5E3}.Release|x64.ActiveCfg = Release|x64
		{9AEE4F21-5ED5-4C7E-9249-8A680123B5E3}.Release|x64.Build.0 = Release|x64
		{3DE55C96-C8E6-4A05-B6C3-B6503AFFA11C}.Debug|Any CPU.ActiveCfg = Debug|Any CPU
		{3DE55C96-C8E6-4A05-B6C3-B6503AFFA11C}.Debug|Any CPU.Build.0 = Debug|Any CPU
		{3DE55C96-C8E6-4A05-B6C3-B6503AFFA11C}.Debug|x64.ActiveCfg = Debug|Any CPU
		{3DE55C96-C8E6-4A05-B6C3-B6503AFFA11C}.Debug|x64.Build.0 = Debug|Any CPU
		{3DE55C96-C8E6-4A05-B6C3-B6503AFFA11C}.Release|Any CPU.ActiveCfg = Release|Any CPU
		{3DE55C96-C8E6-4A05-B6C3-B6503AFFA11C}.Release|Any CPU.Build.0 = Release|Any CPU
		{3DE55C96-C8E6-4A05-B6C3-B6503AFFA11C}.Release|x64.ActiveCfg = Release|Any CPU
		{3DE55C96-C8E6-4A05-B6C3-B6503AFFA11C}.Release|x64.Build.0 = Release|Any CPU
	EndGlobalSection
	GlobalSection(SolutionProperties) = preSolution
		HideSolutionNode = FALSE
	EndGlobalSection
	GlobalSection(ExtensibilityGlobals) = postSolution
		SolutionGuid = {068F856E-EDE3-42B9-9018-A704A59C949D}
	EndGlobalSection
	GlobalSection(SubversionScc) = preSolution
		Svn-Managed = True
		Manager = AnkhSVN - Subversion Support for Visual Studio
	EndGlobalSection
EndGlobal
